lockfileVersion: '9.0'

settings:
  autoInstallPeers: true
  excludeLinksFromLockfile: false

importers:

  .:
    dependencies:
      '@fontsource-variable/bricolage-grotesque':
        specifier: ^5.2.10
        version: 5.2.10
      '@fontsource-variable/jetbrains-mono':
        specifier: ^5.2.8
        version: 5.2.8
      '@fontsource/ibm-plex-sans':
        specifier: ^5.2.8
        version: 5.2.8
    devDependencies:
      typescript:
        specifier: ^5.7.0
        version: 5.9.3

packages:

  '@fontsource-variable/bricolage-grotesque@5.2.10':
    resolution: {integrity: sha512-5EDsCqgGpKVcJWE4sg9ydli+t5WM97mISYw5lla/Ev4z71FwXh1oN0YUU8xjkRW9+wBCGD9R+ntAvI8G4bUFJg==}

  '@fontsource-variable/jetbrains-mono@5.2.8':
    resolution: {integrity: sha512-WBA9elru6Jdp5df2mES55wuOO0WIrn3kpXnI4+W2ek5u3ZgLS9XS4gmIlcQhiZOWEKl95meYdvK7xI+ETLCq/Q==}

  '@fontsource/ibm-plex-sans@5.2.8':
    resolution: {integrity: sha512-eztSXjDhPhcpxNIiGTgMebdLP9qS4rWkysuE1V7c+DjOR0qiezaiDaTwQE7bTnG5HxAY/8M43XKDvs3cYq6ZYQ==}

  typescript@5.9.3:
    resolution: {integrity: sha512-jl1vZzPDinLr9eUt3J/t7V6FgNEw9QjvBPdysz9KfQDD41fQrC2Y4vKQdiaUpFT4bXlb1RHhLpp8wtm6M5TgSw==}
    engines: {node: '>=14.17'}
    hasBin: true

snapshots:

  '@fontsource-variable/bricolage-grotesque@5.2.10': {}

  '@fontsource-variable/jetbrains-mono@5.2.8': {}

  '@fontsource/ibm-plex-sans@5.2.8': {}

  typescript@5.9.3: {}
